
Microsoft Visual Studio Solution File, Format Version 12.00
# Visual Studio 14
VisualStudioVersion = 14.0.24720.0
MinimumVisualStudioVersion = 10.0.40219.1
Project("{FAE04EC0-301F-11D3-BF4B-00C04F79EFBC}") = "JarFileEditor", "JarFileEditor\JarFileEditor.csproj", "{17DAD819-02A5-4DFA-808E-B40DB3B7085D}"
EndProject
Project("{2150E333-8FDC-42A3-9474-1A3956D46DE8}") = "DummyDat", "DummyDat", "{E8958BBE-12E8-4E2D-ABA0-5758324223A0}"
	ProjectSection(SolutionItems) = preProject
		..\dummy.dat = ..\dummy.dat
		File1.fs = File1.fs
	EndProjectSection
EndProject
Project("{2150E333-8FDC-42A3-9474-1A3956D46DE8}") = "Solution Items", "Solution Items", "{A613BA34-B815-4104-A2A5-F21041828251}"
	ProjectSection(SolutionItems) = preProject
		JarFileEditor\dummyFile\dummy.dat = JarFileEditor\dummyFile\dummy.dat
	EndProjectSection
EndProject
Global
	GlobalSection(SolutionConfigurationPlatforms) = preSolution
		Debug|Any CPU = Debug|Any CPU
		Release|Any CPU = Release|Any CPU
	EndGlobalSection
	GlobalSection(ProjectConfigurationPlatforms) = postSolution
		{17DAD819-02A5-4DFA-808E-B40DB3B7085D}.Debug|Any CPU.ActiveCfg = Debug|Any CPU
		{17DAD819-02A5-4DFA-808E-B40DB3B7085D}.Debug|Any CPU.Build.0 = Debug|Any CPU
		{17DAD819-02A5-4DFA-808E-B40DB3B7085D}.Release|Any CPU.ActiveCfg = Release|Any CPU
		{17DAD819-02A5-4DFA-808E-B40DB3B7085D}.Release|Any CPU.Build.0 = Release|Any CPU
	EndGlobalSection
	GlobalSection(SolutionProperties) = preSolution
		HideSolutionNode = FALSE
	EndGlobalSection
EndGlobal
